
Microsoft Visual Studio Solution File, Format Version 12.00
# Visual Studio Version 17
VisualStudioVersion = 17.4.33205.214
MinimumVisualStudioVersion = 10.0.40219.1
Project("{FAE04EC0-301F-11D3-BF4B-00C04F79EFBC}") = "SeleniumProyect", "SeleniumProyect.csproj", "{458A3DCF-8B0B-47F5-9BB9-A452F4372A37}"
EndProject
Global
	GlobalSection(SolutionConfigurationPlatforms) = preSolution
		Debug|Any CPU = Debug|Any CPU
		Release|Any CPU = Release|Any CPU
	EndGlobalSection
	GlobalSection(ProjectConfigurationPlatforms) = postSolution
		{458A3DCF-8B0B-47F5-9BB9-A452F4372A37}.Debug|Any CPU.ActiveCfg = Debug|Any CPU
		{458A3DCF-8B0B-47F5-9BB9-A452F4372A37}.Debug|Any CPU.Build.0 = Debug|Any CPU
		{458A3DCF-8B0B-47F5-9BB9-A452F4372A37}.Release|Any CPU.ActiveCfg = Release|Any CPU
		{458A3DCF-8B0B-47F5-9BB9-A452F4372A37}.Release|Any CPU.Build.0 = Release|Any CPU
	EndGlobalSection
	GlobalSection(SolutionProperties) = preSolution
		HideSolutionNode = FALSE
	EndGlobalSection
	GlobalSection(ExtensibilityGlobals) = postSolution
		SolutionGuid = {B1453E7C-5C4B-4B46-A05D-FDBA504308A4}
	EndGlobalSection
EndGlobal
